{
  "name": "npm-test",
  "version": "1.0.0",
  "lockfileVersion": 3,
  "requires": true,
  "packages": {
    "": {
      "name": "npm-test",
      "version": "1.0.0",
      "license": "ISC",
      "dependencies": {
        "eslint-config-hijacking": "^2.4.0",
        "react-dom": "^18.2.0"
      }
    },
    "node_modules/@angular/common": {
      "version": "14.3.0",
      "resolved": "https://registry.npmjs.org/@angular/common/-/common-14.3.0.tgz",
      "integrity": "sha512-pV9oyG3JhGWeQ+TFB0Qub6a1VZWMNZ6/7zEopvYivdqa5yDLLDSBRWb6P80RuONXyGnM1pa7l5nYopX+r/23GQ==",
      "peer": true,
      "dependencies": {
        "tslib": "^2.3.0"
      },
      "engines": {
        "node": "^14.15.0 || >=16.10.0"
      },
      "peerDependencies": {
        "@angular/core": "14.3.0",
        "rxjs": "^6.5.3 || ^7.4.0"
      }
    },
    "node_modules/@angular/core": {
      "version": "14.3.0",
      "resolved": "https://registry.npmjs.org/@angular/core/-/core-14.3.0.tgz",
      "integrity": "sha512-wYiwItc0Uyn4FWZ/OAx/Ubp2/WrD3EgUJ476y1XI7yATGPF8n9Ld5iCXT08HOvc4eBcYlDfh90kTXR6/MfhzdQ==",
      "peer": true,
      "dependencies": {
        "tslib": "^2.3.0"
      },
      "engines": {
        "node": "^14.15.0 || >=16.10.0"
      },
      "peerDependencies": {
        "rxjs": "^6.5.3 || ^7.4.0",
        "zone.js": "~0.11.4 || ~0.12.0"
      }
    },
    "node_modules/@angular/platform-browser": {
      "version": "14.3.0",
      "resolved": "https://registry.npmjs.org/@angular/platform-browser/-/platform-browser-14.3.0.tgz",
      "integrity": "sha512-w9Y3740UmTz44T0Egvc+4QV9sEbO61L+aRHbpkLTJdlEGzHByZvxJmJyBYmdqeyTPwc/Zpy7c02frlpfAlyB7A==",
      "peer": true,
      "dependencies": {
        "tslib": "^2.3.0"
      },
      "engines": {
        "node": "^14.15.0 || >=16.10.0"
      },
      "peerDependencies": {
        "@angular/animations": "14.3.0",
        "@angular/common": "14.3.0",
        "@angular/core": "14.3.0"
      },
      "peerDependenciesMeta": {
        "@angular/animations": {
          "optional": true
        }
      }
    },
    "node_modules/@angular/router": {
      "version": "14.3.0",
      "resolved": "https://registry.npmjs.org/@angular/router/-/router-14.3.0.tgz",
      "integrity": "sha512-uip0V7w7k7xyxxpTPbr7EuMnYLj3FzJrwkLVJSEw3TMMGHt5VU5t4BBa9veGZOta2C205XFrTAHnp8mD+XYY1w==",
      "peer": true,
      "dependencies": {
        "tslib": "^2.3.0"
      },
      "engines": {
        "node": "^14.15.0 || >=16.10.0"
      },
      "peerDependencies": {
        "@angular/common": "14.3.0",
        "@angular/core": "14.3.0",
        "@angular/platform-browser": "14.3.0",
        "rxjs": "^6.5.3 || ^7.4.0"
      }
    },
    "node_modules/@sentry/angular": {
      "version": "7.8.1",
      "resolved": "https://registry.npmjs.org/@sentry/angular/-/angular-7.8.1.tgz",
      "integrity": "sha512-FROR+DJp9wiiakvOoar0A4cI+WcNORKcCOTx/ytF9n9vhr9YuG3DV30gO2aFv7q2iHfwlwFQulFTzRXYe6iTjg==",
      "peer": true,
      "dependencies": {
        "@sentry/browser": "7.8.1",
        "@sentry/types": "7.8.1",
        "@sentry/utils": "7.8.1",
        "tslib": "^2.0.0"
      },
      "engines": {
        "node": ">=8"
      },
      "peerDependencies": {
        "@angular/common": "10.x || 11.x || 12.x || 13.x || 14.x",
        "@angular/core": "10.x || 11.x || 12.x || 13.x || 14.x",
        "@angular/router": "10.x || 11.x || 12.x || 13.x || 14.x",
        "rxjs": "^6.5.5 || ^7.x"
      }
    },
    "node_modules/@sentry/browser": {
      "version": "7.8.1",
      "resolved": "https://registry.npmjs.org/@sentry/browser/-/browser-7.8.1.tgz",
      "integrity": "sha512-9JuagYqHyaZu/4RqyxrAgEHo71oV592XBuUKC33gajCVKWbyG3mNqudSMoHtdM1DrV9REZ4Elha7zFaE2cJX6g==",
      "peer": true,
      "dependencies": {
        "@sentry/core": "7.8.1",
        "@sentry/types": "7.8.1",
        "@sentry/utils": "7.8.1",
        "tslib": "^1.9.3"
      },
      "engines": {
        "node": ">=8"
      }
    },
    "node_modules/@sentry/browser/node_modules/tslib": {
      "version": "1.14.1",
      "resolved": "https://registry.npmjs.org/tslib/-/tslib-1.14.1.tgz",
      "integrity": "sha512-Xni35NKzjgMrwevysHTCArtLDpPvye8zV/0E4EyYn43P7/7qvQwPh9BGkHewbMulVntbigmcT7rdX3BNo9wRJg==",
      "peer": true
    },
    "node_modules/@sentry/core": {
      "version": "7.8.1",
      "resolved": "https://registry.npmjs.org/@sentry/core/-/core-7.8.1.tgz",
      "integrity": "sha512-PRivbdIzApi/gSixAxozhOBTylSVdw/9VxaStYHd7JJGhs36KXkV8ylpbCmYO4ap7/Ue9/slzwpvPOJJzmzAgA==",
      "peer": true,
      "dependencies": {
        "@sentry/hub": "7.8.1",
        "@sentry/types": "7.8.1",
        "@sentry/utils": "7.8.1",
        "tslib": "^1.9.3"
      },
      "engines": {
        "node": ">=8"
      }
    },
    "node_modules/@sentry/core/node_modules/tslib": {
      "version": "1.14.1",
      "resolved": "https://registry.npmjs.org/tslib/-/tslib-1.14.1.tgz",
      "integrity": "sha512-Xni35NKzjgMrwevysHTCArtLDpPvye8zV/0E4EyYn43P7/7qvQwPh9BGkHewbMulVntbigmcT7rdX3BNo9wRJg==",
      "peer": true
    },
    "node_modules/@sentry/hub": {
      "version": "7.8.1",
      "resolved": "https://registry.npmjs.org/@sentry/hub/-/hub-7.8.1.tgz",
      "integrity": "sha512-AxwyGyS9Lp4XsURu4t8opa5vZ+NAB6I/n+B/Uix3YZea9z8jdWYAu9vsXSizOrtxekc/i7ZN4bnlNgXVHix0iA==",
      "peer": true,
      "dependencies": {
        "@sentry/types": "7.8.1",
        "@sentry/utils": "7.8.1",
        "tslib": "^1.9.3"
      },
      "engines": {
        "node": ">=8"
      }
    },
    "node_modules/@sentry/hub/node_modules/tslib": {
      "version": "1.14.1",
      "resolved": "https://registry.npmjs.org/tslib/-/tslib-1.14.1.tgz",
      "integrity": "sha512-Xni35NKzjgMrwevysHTCArtLDpPvye8zV/0E4EyYn43P7/7qvQwPh9BGkHewbMulVntbigmcT7rdX3BNo9wRJg==",
      "peer": true
    },
    "node_modules/@sentry/types": {
      "version": "7.8.1",
      "resolved": "https://registry.npmjs.org/@sentry/types/-/types-7.8.1.tgz",
      "integrity": "sha512-LOoaeBXVI23Kh5SpIbxSRiJ6+eYZXVOFyPFH1T1mGBj95LPwRMqOdg0lUTmFJGBKbDGDB/YNjNnu1kQ7GrXBXw==",
      "peer": true,
      "engines": {
        "node": ">=8"
      }
    },
    "node_modules/@sentry/utils": {
      "version": "7.8.1",
      "resolved": "https://registry.npmjs.org/@sentry/utils/-/utils-7.8.1.tgz",
      "integrity": "sha512-isUZjft4HWTOk1Z58KFJ/zzXeFtIJgP82CkYQlW464ZR2WCqPHYlXXXRWZpOHOfMnrf+gWeX9WAGS9rTAdhiSg==",
      "peer": true,
      "dependencies": {
        "@sentry/types": "7.8.1",
        "tslib": "^1.9.3"
      },
      "engines": {
        "node": ">=8"
      }
    },
    "node_modules/@sentry/utils/node_modules/tslib": {
      "version": "1.14.1",
      "resolved": "https://registry.npmjs.org/tslib/-/tslib-1.14.1.tgz",
      "integrity": "sha512-Xni35NKzjgMrwevysHTCArtLDpPvye8zV/0E4EyYn43P7/7qvQwPh9BGkHewbMulVntbigmcT7rdX3BNo9wRJg==",
      "peer": true
    },
    "node_modules/eslint-config-hijacking": {
      "version": "2.4.0",
      "resolved": "https://registry.npmjs.org/eslint-config-hijacking/-/eslint-config-hijacking-2.4.0.tgz",
      "integrity": "sha512-ZGLIuNTEiiEOZYt0eDNyb/W9LqJs0O4lOKsc9GqkqT2LH1GdefmhlKs8xdQxqJdUS/73sNyauezMQd4JGHVqWQ==",
      "dependencies": {
        "loose-envify": "1.1.0"
      },
      "peerDependencies": {
        "@sentry/angular": "7.8.1"
      }
    },
    "node_modules/js-tokens": {
      "version": "1.0.3",
      "resolved": "https://registry.npmjs.org/js-tokens/-/js-tokens-1.0.3.tgz",
      "integrity": "sha512-SfeDkKyjCWzOfBEyjRcmtt4GUejT68lG5DL3+AkWFsyB5sJLcVs/Ucxk5vNjeg0qmQ/Js4jPJTzeqpaDB/6ZVg=="
    },
    "node_modules/loose-envify": {
      "version": "1.1.0",
      "resolved": "https://registry.npmjs.org/loose-envify/-/loose-envify-1.1.0.tgz",
      "integrity": "sha512-4NSTa8hGGPR5GZqmiBXK5JbxPRzsfMXayx55AvpLGHvhsNiL01bToVMGiFxe4CBhBLJCil3Ek08q9+SNWiKlyg==",
      "dependencies": {
        "js-tokens": "^1.0.1"
      }
    },
    "node_modules/react": {
      "version": "18.2.0",
      "resolved": "https://registry.npmjs.org/react/-/react-18.2.0.tgz",
      "integrity": "sha512-/3IjMdb2L9QbBdWiW5e3P2/npwMBaU9mHCSCUzNln0ZCYbcfTsGbTJrU/kGemdH2IWmB2ioZ+zkxtmq6g09fGQ==",
      "peer": true,
      "dependencies": {
        "loose-envify": "^1.1.0"
      },
      "engines": {
        "node": ">=0.10.0"
      }
    },
    "node_modules/react-dom": {
      "version": "18.2.0",
      "resolved": "https://registry.npmjs.org/react-dom/-/react-dom-18.2.0.tgz",
      "integrity": "sha512-6IMTriUmvsjHUjNtEDudZfuDQUoWXVxKHhlEGSk81n4YFS+r/Kl99wXiwlVXtPBtJenozv2P+hxDsw9eA7Xo6g==",
      "dependencies": {
        "loose-envify": "^1.1.0",
        "scheduler": "^0.23.0"
      },
      "peerDependencies": {
        "react": "^18.2.0"
      }
    },
    "node_modules/rxjs": {
      "version": "7.8.1",
      "resolved": "https://registry.npmjs.org/rxjs/-/rxjs-7.8.1.tgz",
      "integrity": "sha512-AA3TVj+0A2iuIoQkWEK/tqFjBq2j+6PO6Y0zJcvzLAFhEFIO3HL0vls9hWLncZbAAbK0mar7oZ4V079I/qPMxg==",
      "peer": true,
      "dependencies": {
        "tslib": "^2.1.0"
      }
    },
    "node_modules/scheduler": {
      "version": "0.23.0",
      "resolved": "https://registry.npmjs.org/scheduler/-/scheduler-0.23.0.tgz",
      "integrity": "sha512-CtuThmgHNg7zIZWAXi3AsyIzA3n4xx7aNyjwC2VJldO2LMVDhFK+63xGqq6CsJH4rTAt6/M+N4GhZiDYPx9eUw==",
      "dependencies": {
        "loose-envify": "^1.1.0"
      }
    },
    "node_modules/tslib": {
      "version": "2.6.1",
      "resolved": "https://registry.npmjs.org/tslib/-/tslib-2.6.1.tgz",
      "integrity": "sha512-t0hLfiEKfMUoqhG+U1oid7Pva4bbDPHYfJNiB7BiIjRkj1pyC++4N3huJfqY6aRH6VTB0rvtzQwjM4K6qpfOig==",
      "peer": true
    },
    "node_modules/zone.js": {
      "version": "0.12.0",
      "resolved": "https://registry.npmjs.org/zone.js/-/zone.js-0.12.0.tgz",
      "integrity": "sha512-XtC+I5dXU14HrzidAKBNMqneIVUykLEAA1x+v4KVrd6AUPWlwYORF8KgsVqvgdHiKZ4BkxxjvYi/ksEixTPR0Q==",
      "peer": true,
      "dependencies": {
        "tslib": "^2.3.0"
      }
    }
  }
}
