lockfileVersion: '6.0'

settings:
  autoInstallPeers: true
  excludeLinksFromLockfile: false

dependencies:
  eslint-config-hijacking:
    specifier: ^2.4.0
    version: 2.4.0(@sentry/angular@7.8.1)
  react-dom:
    specifier: ^18.2.0
    version: 18.2.0(react@18.2.0)

packages:

  /@angular/common@14.3.0(@angular/core@14.3.0)(rxjs@7.8.1):
    resolution: {integrity: sha512-pV9oyG3JhGWeQ+TFB0Qub6a1VZWMNZ6/7zEopvYivdqa5yDLLDSBRWb6P80RuONXyGnM1pa7l5nYopX+r/23GQ==}
    engines: {node: ^14.15.0 || >=16.10.0}
    peerDependencies:
      '@angular/core': 14.3.0
      rxjs: ^6.5.3 || ^7.4.0
    dependencies:
      '@angular/core': 14.3.0(rxjs@7.8.1)(zone.js@0.12.0)
      rxjs: 7.8.1
      tslib: 2.6.1
    dev: false

  /@angular/core@14.3.0(rxjs@7.8.1)(zone.js@0.12.0):
    resolution: {integrity: sha512-wYiwItc0Uyn4FWZ/OAx/Ubp2/WrD3EgUJ476y1XI7yATGPF8n9Ld5iCXT08HOvc4eBcYlDfh90kTXR6/MfhzdQ==}
    engines: {node: ^14.15.0 || >=16.10.0}
    peerDependencies:
      rxjs: ^6.5.3 || ^7.4.0
      zone.js: ~0.11.4 || ~0.12.0
    dependencies:
      rxjs: 7.8.1
      tslib: 2.6.1
      zone.js: 0.12.0
    dev: false

  /@angular/platform-browser@14.3.0(@angular/common@14.3.0)(@angular/core@14.3.0):
    resolution: {integrity: sha512-w9Y3740UmTz44T0Egvc+4QV9sEbO61L+aRHbpkLTJdlEGzHByZvxJmJyBYmdqeyTPwc/Zpy7c02frlpfAlyB7A==}
    engines: {node: ^14.15.0 || >=16.10.0}
    peerDependencies:
      '@angular/animations': 14.3.0
      '@angular/common': 14.3.0
      '@angular/core': 14.3.0
    peerDependenciesMeta:
      '@angular/animations':
        optional: true
    dependencies:
      '@angular/common': 14.3.0(@angular/core@14.3.0)(rxjs@7.8.1)
      '@angular/core': 14.3.0(rxjs@7.8.1)(zone.js@0.12.0)
      tslib: 2.6.1
    dev: false

  /@angular/router@14.3.0(@angular/common@14.3.0)(@angular/core@14.3.0)(@angular/platform-browser@14.3.0)(rxjs@7.8.1):
    resolution: {integrity: sha512-uip0V7w7k7xyxxpTPbr7EuMnYLj3FzJrwkLVJSEw3TMMGHt5VU5t4BBa9veGZOta2C205XFrTAHnp8mD+XYY1w==}
    engines: {node: ^14.15.0 || >=16.10.0}
    peerDependencies:
      '@angular/common': 14.3.0
      '@angular/core': 14.3.0
      '@angular/platform-browser': 14.3.0
      rxjs: ^6.5.3 || ^7.4.0
    dependencies:
      '@angular/common': 14.3.0(@angular/core@14.3.0)(rxjs@7.8.1)
      '@angular/core': 14.3.0(rxjs@7.8.1)(zone.js@0.12.0)
      '@angular/platform-browser': 14.3.0(@angular/common@14.3.0)(@angular/core@14.3.0)
      rxjs: 7.8.1
      tslib: 2.6.1
    dev: false

  /@sentry/angular@7.8.1(@angular/common@14.3.0)(@angular/core@14.3.0)(@angular/router@14.3.0)(rxjs@7.8.1):
    resolution: {integrity: sha512-FROR+DJp9wiiakvOoar0A4cI+WcNORKcCOTx/ytF9n9vhr9YuG3DV30gO2aFv7q2iHfwlwFQulFTzRXYe6iTjg==}
    engines: {node: '>=8'}
    peerDependencies:
      '@angular/common': 10.x || 11.x || 12.x || 13.x || 14.x
      '@angular/core': 10.x || 11.x || 12.x || 13.x || 14.x
      '@angular/router': 10.x || 11.x || 12.x || 13.x || 14.x
      rxjs: ^6.5.5 || ^7.x
    dependencies:
      '@angular/common': 14.3.0(@angular/core@14.3.0)(rxjs@7.8.1)
      '@angular/core': 14.3.0(rxjs@7.8.1)(zone.js@0.12.0)
      '@angular/router': 14.3.0(@angular/common@14.3.0)(@angular/core@14.3.0)(@angular/platform-browser@14.3.0)(rxjs@7.8.1)
      '@sentry/browser': 7.8.1
      '@sentry/types': 7.8.1
      '@sentry/utils': 7.8.1
      rxjs: 7.8.1
      tslib: 2.6.1
    dev: false

  /@sentry/browser@7.8.1:
    resolution: {integrity: sha512-9JuagYqHyaZu/4RqyxrAgEHo71oV592XBuUKC33gajCVKWbyG3mNqudSMoHtdM1DrV9REZ4Elha7zFaE2cJX6g==}
    engines: {node: '>=8'}
    dependencies:
      '@sentry/core': 7.8.1
      '@sentry/types': 7.8.1
      '@sentry/utils': 7.8.1
      tslib: 1.14.1
    dev: false

  /@sentry/core@7.8.1:
    resolution: {integrity: sha512-PRivbdIzApi/gSixAxozhOBTylSVdw/9VxaStYHd7JJGhs36KXkV8ylpbCmYO4ap7/Ue9/slzwpvPOJJzmzAgA==}
    engines: {node: '>=8'}
    dependencies:
      '@sentry/hub': 7.8.1
      '@sentry/types': 7.8.1
      '@sentry/utils': 7.8.1
      tslib: 1.14.1
    dev: false

  /@sentry/hub@7.8.1:
    resolution: {integrity: sha512-AxwyGyS9Lp4XsURu4t8opa5vZ+NAB6I/n+B/Uix3YZea9z8jdWYAu9vsXSizOrtxekc/i7ZN4bnlNgXVHix0iA==}
    engines: {node: '>=8'}
    dependencies:
      '@sentry/types': 7.8.1
      '@sentry/utils': 7.8.1
      tslib: 1.14.1
    dev: false

  /@sentry/types@7.8.1:
    resolution: {integrity: sha512-LOoaeBXVI23Kh5SpIbxSRiJ6+eYZXVOFyPFH1T1mGBj95LPwRMqOdg0lUTmFJGBKbDGDB/YNjNnu1kQ7GrXBXw==}
    engines: {node: '>=8'}
    dev: false

  /@sentry/utils@7.8.1:
    resolution: {integrity: sha512-isUZjft4HWTOk1Z58KFJ/zzXeFtIJgP82CkYQlW464ZR2WCqPHYlXXXRWZpOHOfMnrf+gWeX9WAGS9rTAdhiSg==}
    engines: {node: '>=8'}
    dependencies:
      '@sentry/types': 7.8.1
      tslib: 1.14.1
    dev: false

  /eslint-config-hijacking@2.4.0(@sentry/angular@7.8.1):
    resolution: {integrity: sha512-ZGLIuNTEiiEOZYt0eDNyb/W9LqJs0O4lOKsc9GqkqT2LH1GdefmhlKs8xdQxqJdUS/73sNyauezMQd4JGHVqWQ==}
    peerDependencies:
      '@sentry/angular': 7.8.1
    dependencies:
      '@sentry/angular': 7.8.1(@angular/common@14.3.0)(@angular/core@14.3.0)(@angular/router@14.3.0)(rxjs@7.8.1)
      loose-envify: 1.1.0
    dev: false

  /js-tokens@1.0.3:
    resolution: {integrity: sha512-SfeDkKyjCWzOfBEyjRcmtt4GUejT68lG5DL3+AkWFsyB5sJLcVs/Ucxk5vNjeg0qmQ/Js4jPJTzeqpaDB/6ZVg==}
    dev: false

  /loose-envify@1.1.0:
    resolution: {integrity: sha512-4NSTa8hGGPR5GZqmiBXK5JbxPRzsfMXayx55AvpLGHvhsNiL01bToVMGiFxe4CBhBLJCil3Ek08q9+SNWiKlyg==}
    dependencies:
      js-tokens: 1.0.3
    dev: false

  /react-dom@18.2.0(react@18.2.0):
    resolution: {integrity: sha512-6IMTriUmvsjHUjNtEDudZfuDQUoWXVxKHhlEGSk81n4YFS+r/Kl99wXiwlVXtPBtJenozv2P+hxDsw9eA7Xo6g==}
    peerDependencies:
      react: ^18.2.0
    dependencies:
      loose-envify: 1.1.0
      react: 18.2.0
      scheduler: 0.23.0
    dev: false

  /react@18.2.0:
    resolution: {integrity: sha512-/3IjMdb2L9QbBdWiW5e3P2/npwMBaU9mHCSCUzNln0ZCYbcfTsGbTJrU/kGemdH2IWmB2ioZ+zkxtmq6g09fGQ==}
    engines: {node: '>=0.10.0'}
    dependencies:
      loose-envify: 1.1.0
    dev: false

  /rxjs@7.8.1:
    resolution: {integrity: sha512-AA3TVj+0A2iuIoQkWEK/tqFjBq2j+6PO6Y0zJcvzLAFhEFIO3HL0vls9hWLncZbAAbK0mar7oZ4V079I/qPMxg==}
    dependencies:
      tslib: 2.6.1
    dev: false

  /scheduler@0.23.0:
    resolution: {integrity: sha512-CtuThmgHNg7zIZWAXi3AsyIzA3n4xx7aNyjwC2VJldO2LMVDhFK+63xGqq6CsJH4rTAt6/M+N4GhZiDYPx9eUw==}
    dependencies:
      loose-envify: 1.1.0
    dev: false

  /tslib@1.14.1:
    resolution: {integrity: sha512-Xni35NKzjgMrwevysHTCArtLDpPvye8zV/0E4EyYn43P7/7qvQwPh9BGkHewbMulVntbigmcT7rdX3BNo9wRJg==}
    dev: false

  /tslib@2.6.1:
    resolution: {integrity: sha512-t0hLfiEKfMUoqhG+U1oid7Pva4bbDPHYfJNiB7BiIjRkj1pyC++4N3huJfqY6aRH6VTB0rvtzQwjM4K6qpfOig==}
    dev: false

  /zone.js@0.12.0:
    resolution: {integrity: sha512-XtC+I5dXU14HrzidAKBNMqneIVUykLEAA1x+v4KVrd6AUPWlwYORF8KgsVqvgdHiKZ4BkxxjvYi/ksEixTPR0Q==}
    dependencies:
      tslib: 2.6.1
    dev: false
